
Microsoft Visual Studio Solution File, Format Version 12.00
# Visual Studio Version 16
VisualStudioVersion = 16.0.29306.81
MinimumVisualStudioVersion = 10.0.40219.1
Project("{FAE04EC0-301F-11D3-BF4B-00C04F79EFBC}") = "_Calendar_", "_Calendar_\_Calendar_.csproj", "{BE98A817-842A-46B7-8DA8-18376307427A}"
EndProject
Global
	GlobalSection(SolutionConfigurationPlatforms) = preSolution
		Debug|Any CPU = Debug|Any CPU
		Release|Any CPU = Release|Any CPU
	EndGlobalSection
	GlobalSection(ProjectConfigurationPlatforms) = postSolution
		{BE98A817-842A-46B7-8DA8-18376307427A}.Debug|Any CPU.ActiveCfg = Debug|Any CPU
		{BE98A817-842A-46B7-8DA8-18376307427A}.Debug|Any CPU.Build.0 = Debug|Any CPU
		{BE98A817-842A-46B7-8DA8-18376307427A}.Release|Any CPU.ActiveCfg = Release|Any CPU
		{BE98A817-842A-46B7-8DA8-18376307427A}.Release|Any CPU.Build.0 = Release|Any CPU
	EndGlobalSection
	GlobalSection(SolutionProperties) = preSolution
		HideSolutionNode = FALSE
	EndGlobalSection
	GlobalSection(ExtensibilityGlobals) = postSolution
		SolutionGuid = {57B7F258-2153-4A7E-ABD5-06F1ECA4AD61}
	EndGlobalSection
EndGlobal
